
Microsoft Visual Studio Solution File, Format Version 12.00
# Visual Studio 14
VisualStudioVersion = 14.0.23107.0
MinimumVisualStudioVersion = 10.0.40219.1
Project("{FAE04EC0-301F-11D3-BF4B-00C04F79EFBC}") = "FindSum20", "FindSum20\FindSum20.csproj", "{0E42FCFF-AE97-4B0B-B2F5-4C59835C846B}"
EndProject
Project("{FAE04EC0-301F-11D3-BF4B-00C04F79EFBC}") = "LinqSubsets", "LinqSubsets\LinqSubsets.csproj", "{542D6BB7-C6E2-4010-9D3B-C98CE92F0604}"
EndProject
Project("{FAE04EC0-301F-11D3-BF4B-00C04F79EFBC}") = "ThirdVariant", "ThirdVariant\ThirdVariant.csproj", "{29C8381C-0105-4E48-9363-47270E89B984}"
EndProject
Global
	GlobalSection(SolutionConfigurationPlatforms) = preSolution
		Debug|Any CPU = Debug|Any CPU
		Release|Any CPU = Release|Any CPU
	EndGlobalSection
	GlobalSection(ProjectConfigurationPlatforms) = postSolution
		{0E42FCFF-AE97-4B0B-B2F5-4C59835C846B}.Debug|Any CPU.ActiveCfg = Debug|Any CPU
		{0E42FCFF-AE97-4B0B-B2F5-4C59835C846B}.Debug|Any CPU.Build.0 = Debug|Any CPU
		{0E42FCFF-AE97-4B0B-B2F5-4C59835C846B}.Release|Any CPU.ActiveCfg = Release|Any CPU
		{0E42FCFF-AE97-4B0B-B2F5-4C59835C846B}.Release|Any CPU.Build.0 = Release|Any CPU
		{542D6BB7-C6E2-4010-9D3B-C98CE92F0604}.Debug|Any CPU.ActiveCfg = Debug|Any CPU
		{542D6BB7-C6E2-4010-9D3B-C98CE92F0604}.Debug|Any CPU.Build.0 = Debug|Any CPU
		{542D6BB7-C6E2-4010-9D3B-C98CE92F0604}.Release|Any CPU.ActiveCfg = Release|Any CPU
		{542D6BB7-C6E2-4010-9D3B-C98CE92F0604}.Release|Any CPU.Build.0 = Release|Any CPU
		{29C8381C-0105-4E48-9363-47270E89B984}.Debug|Any CPU.ActiveCfg = Debug|Any CPU
		{29C8381C-0105-4E48-9363-47270E89B984}.Debug|Any CPU.Build.0 = Debug|Any CPU
		{29C8381C-0105-4E48-9363-47270E89B984}.Release|Any CPU.ActiveCfg = Release|Any CPU
		{29C8381C-0105-4E48-9363-47270E89B984}.Release|Any CPU.Build.0 = Release|Any CPU
	EndGlobalSection
	GlobalSection(SolutionProperties) = preSolution
		HideSolutionNode = FALSE
	EndGlobalSection
EndGlobal
